
Microsoft Visual Studio Solution File, Format Version 12.00
# Visual Studio Version 17
VisualStudioVersion = 17.9.34714.143
MinimumVisualStudioVersion = 10.0.40219.1
Project("{9A19103F-16F7-4668-BE54-9A1E7A4F7556}") = "MusicStore.Web", "MusicStore.Web\MusicStore.Web.csproj", "{313E2FDF-03BB-4C34-A85E-DD58429A0453}"
EndProject
Project("{FAE04EC0-301F-11D3-BF4B-00C04F79EFBC}") = "MusicStore.Domain", "Domain\MusicStore.Domain.csproj", "{D59CDC72-2D5B-4FAD-8965-4EE3DD89EE3B}"
EndProject
Project("{FAE04EC0-301F-11D3-BF4B-00C04F79EFBC}") = "MusicStore.Repository", "Repository\MusicStore.Repository.csproj", "{5F7C95B6-93EE-4AE9-B7D0-256DF1C08B15}"
EndProject
Project("{FAE04EC0-301F-11D3-BF4B-00C04F79EFBC}") = "MusicStore.Service", "MusicStore.Service\MusicStore.Service.csproj", "{E9DDE149-3B87-4B36-ACE5-4BFDE844173B}"
EndProject
Global
	GlobalSection(SolutionConfigurationPlatforms) = preSolution
		Debug|Any CPU = Debug|Any CPU
		Release|Any CPU = Release|Any CPU
	EndGlobalSection
	GlobalSection(ProjectConfigurationPlatforms) = postSolution
		{313E2FDF-03BB-4C34-A85E-DD58429A0453}.Debug|Any CPU.ActiveCfg = Debug|Any CPU
		{313E2FDF-03BB-4C34-A85E-DD58429A0453}.Debug|Any CPU.Build.0 = Debug|Any CPU
		{313E2FDF-03BB-4C34-A85E-DD58429A0453}.Release|Any CPU.ActiveCfg = Release|Any CPU
		{313E2FDF-03BB-4C34-A85E-DD58429A0453}.Release|Any CPU.Build.0 = Release|Any CPU
		{D59CDC72-2D5B-4FAD-8965-4EE3DD89EE3B}.Debug|Any CPU.ActiveCfg = Debug|Any CPU
		{D59CDC72-2D5B-4FAD-8965-4EE3DD89EE3B}.Debug|Any CPU.Build.0 = Debug|Any CPU
		{D59CDC72-2D5B-4FAD-8965-4EE3DD89EE3B}.Release|Any CPU.ActiveCfg = Release|Any CPU
		{D59CDC72-2D5B-4FAD-8965-4EE3DD89EE3B}.Release|Any CPU.Build.0 = Release|Any CPU
		{5F7C95B6-93EE-4AE9-B7D0-256DF1C08B15}.Debug|Any CPU.ActiveCfg = Debug|Any CPU
		{5F7C95B6-93EE-4AE9-B7D0-256DF1C08B15}.Debug|Any CPU.Build.0 = Debug|Any CPU
		{5F7C95B6-93EE-4AE9-B7D0-256DF1C08B15}.Release|Any CPU.ActiveCfg = Release|Any CPU
		{5F7C95B6-93EE-4AE9-B7D0-256DF1C08B15}.Release|Any CPU.Build.0 = Release|Any CPU
		{E9DDE149-3B87-4B36-ACE5-4BFDE844173B}.Debug|Any CPU.ActiveCfg = Debug|Any CPU
		{E9DDE149-3B87-4B36-ACE5-4BFDE844173B}.Debug|Any CPU.Build.0 = Debug|Any CPU
		{E9DDE149-3B87-4B36-ACE5-4BFDE844173B}.Release|Any CPU.ActiveCfg = Release|Any CPU
		{E9DDE149-3B87-4B36-ACE5-4BFDE844173B}.Release|Any CPU.Build.0 = Release|Any CPU
	EndGlobalSection
	GlobalSection(SolutionProperties) = preSolution
		HideSolutionNode = FALSE
	EndGlobalSection
	GlobalSection(ExtensibilityGlobals) = postSolution
		SolutionGuid = {AA4C9571-9F61-48B4-B16B-9C24D1098D9B}
	EndGlobalSection
EndGlobal
