
Microsoft Visual Studio Solution File, Format Version 12.00
# Visual Studio Version 17
VisualStudioVersion = 17.9.34701.34
MinimumVisualStudioVersion = 10.0.40219.1
Project("{FAE04EC0-301F-11D3-BF4B-00C04F79EFBC}") = "MusicStoreAdminApplication", "MusicStoreAdminApplication\MusicStoreAdminApplication.csproj", "{20D2EB31-0A8D-4EF7-AE44-4A2F8EB38AB7}"
EndProject
Global
	GlobalSection(SolutionConfigurationPlatforms) = preSolution
		Debug|Any CPU = Debug|Any CPU
		Release|Any CPU = Release|Any CPU
	EndGlobalSection
	GlobalSection(ProjectConfigurationPlatforms) = postSolution
		{20D2EB31-0A8D-4EF7-AE44-4A2F8EB38AB7}.Debug|Any CPU.ActiveCfg = Debug|Any CPU
		{20D2EB31-0A8D-4EF7-AE44-4A2F8EB38AB7}.Debug|Any CPU.Build.0 = Debug|Any CPU
		{20D2EB31-0A8D-4EF7-AE44-4A2F8EB38AB7}.Release|Any CPU.ActiveCfg = Release|Any CPU
		{20D2EB31-0A8D-4EF7-AE44-4A2F8EB38AB7}.Release|Any CPU.Build.0 = Release|Any CPU
	EndGlobalSection
	GlobalSection(SolutionProperties) = preSolution
		HideSolutionNode = FALSE
	EndGlobalSection
	GlobalSection(ExtensibilityGlobals) = postSolution
		SolutionGuid = {36BABD0E-AC40-429D-A7B7-A51141EAFB22}
	EndGlobalSection
EndGlobal
